
Microsoft Visual Studio Solution File, Format Version 12.00
# Visual Studio 14
VisualStudioVersion = 14.0.25420.1
MinimumVisualStudioVersion = 10.0.40219.1
Project("{2150E333-8FDC-42A3-9474-1A3956D46DE8}") = "kafka", "kafka", "{57C03A45-4E0A-4BC4-9349-54EF735B34B9}"
EndProject
Project("{2150E333-8FDC-42A3-9474-1A3956D46DE8}") = "msmq", "msmq", "{8CE4A2E9-D5A5-4376-BC3F-B2162BC2FAB6}"
EndProject
Project("{FAE04EC0-301F-11D3-BF4B-00C04F79EFBC}") = "kafkaProduce", "kafka\kafkaProduce\kafkaProduce.csproj", "{99326145-CFD3-4AC1-9789-BEE790ECE885}"
EndProject
Project("{FAE04EC0-301F-11D3-BF4B-00C04F79EFBC}") = "kafkaConsume", "kafka\kafkaConsume\kafkaConsume.csproj", "{533EB0A3-427A-4509-948D-40C106185BF6}"
EndProject
Project("{2150E333-8FDC-42A3-9474-1A3956D46DE8}") = "kafka环境搭建", "kafka环境搭建", "{AC4BEC0C-1090-4DA0-91FF-95437619946E}"
	ProjectSection(SolutionItems) = preProject
		kafka\kafka环境搭建\1.jre-8u121-windows-x64.exe = kafka\kafka环境搭建\1.jre-8u121-windows-x64.exe
		kafka\kafka环境搭建\2.zookeeper-3.4.8.tar.gz = kafka\kafka环境搭建\2.zookeeper-3.4.8.tar.gz
		kafka\kafka环境搭建\3.kafka_2.11-0.10.1.1.tgz = kafka\kafka环境搭建\3.kafka_2.11-0.10.1.1.tgz
		kafka\kafka环境搭建\kafka-guide.md = kafka\kafka环境搭建\kafka-guide.md
	EndProjectSection
EndProject
Global
	GlobalSection(SolutionConfigurationPlatforms) = preSolution
		Debug|Any CPU = Debug|Any CPU
		Release|Any CPU = Release|Any CPU
	EndGlobalSection
	GlobalSection(ProjectConfigurationPlatforms) = postSolution
		{99326145-CFD3-4AC1-9789-BEE790ECE885}.Debug|Any CPU.ActiveCfg = Debug|Any CPU
		{99326145-CFD3-4AC1-9789-BEE790ECE885}.Debug|Any CPU.Build.0 = Debug|Any CPU
		{99326145-CFD3-4AC1-9789-BEE790ECE885}.Release|Any CPU.ActiveCfg = Release|Any CPU
		{99326145-CFD3-4AC1-9789-BEE790ECE885}.Release|Any CPU.Build.0 = Release|Any CPU
		{533EB0A3-427A-4509-948D-40C106185BF6}.Debug|Any CPU.ActiveCfg = Debug|Any CPU
		{533EB0A3-427A-4509-948D-40C106185BF6}.Debug|Any CPU.Build.0 = Debug|Any CPU
		{533EB0A3-427A-4509-948D-40C106185BF6}.Release|Any CPU.ActiveCfg = Release|Any CPU
		{533EB0A3-427A-4509-948D-40C106185BF6}.Release|Any CPU.Build.0 = Release|Any CPU
	EndGlobalSection
	GlobalSection(SolutionProperties) = preSolution
		HideSolutionNode = FALSE
	EndGlobalSection
	GlobalSection(NestedProjects) = preSolution
		{99326145-CFD3-4AC1-9789-BEE790ECE885} = {57C03A45-4E0A-4BC4-9349-54EF735B34B9}
		{533EB0A3-427A-4509-948D-40C106185BF6} = {57C03A45-4E0A-4BC4-9349-54EF735B34B9}
		{AC4BEC0C-1090-4DA0-91FF-95437619946E} = {57C03A45-4E0A-4BC4-9349-54EF735B34B9}
	EndGlobalSection
EndGlobal
